
Microsoft Visual Studio Solution File, Format Version 12.00
# Visual Studio 15
VisualStudioVersion = 15.0.28307.902
MinimumVisualStudioVersion = 10.0.40219.1
Project("{9A19103F-16F7-4668-BE54-9A1E7A4F7556}") = "Bryllite.Base", "Base\Bryllite.Base\Bryllite.Base.csproj", "{27B84A96-27B9-4D20-AE23-A140572C681C}"
EndProject
Project("{2150E333-8FDC-42A3-9474-1A3956D46DE8}") = "Base", "Base", "{CD2BDEC5-D25E-4DE4-8C74-0EDDB8CFCD09}"
EndProject
Project("{2150E333-8FDC-42A3-9474-1A3956D46DE8}") = "Cryptography", "Cryptography", "{3C53056F-AFEF-4773-9E14-6F797E1E05EC}"
EndProject
Project("{2150E333-8FDC-42A3-9474-1A3956D46DE8}") = "Utils", "Utils", "{BF82C1E4-2892-4DB2-A6CA-C42BB54E7B31}"
EndProject
Project("{2150E333-8FDC-42A3-9474-1A3956D46DE8}") = "Core", "Core", "{AA7BDBB0-C693-48EC-9043-D8F707F0AA23}"
EndProject
Project("{9A19103F-16F7-4668-BE54-9A1E7A4F7556}") = "Bryllite.Utils.NabiLog", "Utils\Bryllite.Utils.NabiLog\Bryllite.Utils.NabiLog.csproj", "{FD5A276F-3DEF-4EBF-AFE0-C14A07C78B29}"
EndProject
Project("{9A19103F-16F7-4668-BE54-9A1E7A4F7556}") = "Bryllite.Utils.Rlp", "Utils\Bryllite.Utils.Rlp\Bryllite.Utils.Rlp.csproj", "{CB9522A7-B53D-4498-BA79-43630098969B}"
EndProject
Project("{9A19103F-16F7-4668-BE54-9A1E7A4F7556}") = "Bryllite.Utils.JsonRpc", "Utils\Bryllite.Utils.JsonRpc\Bryllite.Utils.JsonRpc.csproj", "{9F455682-323F-43CD-959F-800542BAE43F}"
EndProject
Project("{9A19103F-16F7-4668-BE54-9A1E7A4F7556}") = "Bryllite.Utils.Ntp", "Utils\Bryllite.Utils.Ntp\Bryllite.Utils.Ntp.csproj", "{568F3FB5-BBA8-4C0E-B0FA-16E0C510B418}"
EndProject
Project("{9A19103F-16F7-4668-BE54-9A1E7A4F7556}") = "Bryllite.Cryptography.Hash", "Cryptography\Bryllite.Cryptography.Hash\Bryllite.Cryptography.Hash.csproj", "{2CA44AED-69A8-4105-808D-6B5C02E96E0C}"
EndProject
Project("{9A19103F-16F7-4668-BE54-9A1E7A4F7556}") = "Bryllite.Utils.Currency", "Utils\Bryllite.Utils.Currency\Bryllite.Utils.Currency.csproj", "{BA38B15E-FA43-4FE9-913B-F7497E7A108E}"
EndProject
Project("{9A19103F-16F7-4668-BE54-9A1E7A4F7556}") = "Bryllite.Utils.Auth", "Utils\Bryllite.Utils.Auth\Bryllite.Utils.Auth.csproj", "{82DD9CEE-4C4C-4950-81BF-D52E22FCC1C0}"
EndProject
Project("{9A19103F-16F7-4668-BE54-9A1E7A4F7556}") = "Bryllite.Cryptography.Scrypt", "Cryptography\Bryllite.Cryptography.Scrypt\Bryllite.Cryptography.Scrypt.csproj", "{5E5CB6FC-EEDE-4318-9B3F-54FF7E7D862A}"
EndProject
Project("{9A19103F-16F7-4668-BE54-9A1E7A4F7556}") = "Bryllite.Utils.Pbkdf", "Utils\Bryllite.Utils.Pbkdf\Bryllite.Utils.Pbkdf.csproj", "{E383C1B6-6C6D-4B1C-8F09-37202568BBEC}"
EndProject
Project("{9A19103F-16F7-4668-BE54-9A1E7A4F7556}") = "Bryllite.Cryptography.Signers", "Cryptography\Bryllite.Cryptography.Signers\Bryllite.Cryptography.Signers.csproj", "{D6E6255D-64AF-4CA3-9CD2-AEF7DED81AEB}"
EndProject
Project("{9A19103F-16F7-4668-BE54-9A1E7A4F7556}") = "Bryllite.Core.Tx", "Core\Bryllite.Core.Tx\Bryllite.Core.Tx.csproj", "{BB86FE24-D2CA-4F35-B851-C063EC6A441C}"
EndProject
Project("{2150E333-8FDC-42A3-9474-1A3956D46DE8}") = "Rpc", "Rpc", "{B205CEC7-FA17-4AD8-A372-AB35178CBE5D}"
EndProject
Project("{9A19103F-16F7-4668-BE54-9A1E7A4F7556}") = "Bryllite.Rpc.Web4b", "Rpc\Bryllite.Rpc.Web4b\Bryllite.Rpc.Web4b.csproj", "{E9596B17-006E-4944-BE7D-1496E3BB71A8}"
EndProject
Project("{9A19103F-16F7-4668-BE54-9A1E7A4F7556}") = "Bryllite.Rpc.Web4b.Tests", "Rpc\Bryllite.Rpc.Web4b.Tests\Bryllite.Rpc.Web4b.Tests.csproj", "{3DA67198-B5C8-4A03-9A14-C0414C9C1404}"
EndProject
Project("{9A19103F-16F7-4668-BE54-9A1E7A4F7556}") = "Bryllite.Utils.AppBase", "Utils\Bryllite.Utils.AppBase\Bryllite.Utils.AppBase.csproj", "{8114FFA6-B325-4365-8F05-5080203207EF}"
EndProject
Project("{2150E333-8FDC-42A3-9474-1A3956D46DE8}") = "Database", "Database", "{0506AD1A-66C6-4703-B69E-3533C967FF8E}"
EndProject
Project("{9A19103F-16F7-4668-BE54-9A1E7A4F7556}") = "Bryllite.Database.TrieDB", "Database\Bryllite.Database.TrieDB\Bryllite.Database.TrieDB.csproj", "{00E2E309-4920-4840-AC92-88525BDFD136}"
EndProject
Project("{9A19103F-16F7-4668-BE54-9A1E7A4F7556}") = "Bryllite.Database.Trie", "Database\Bryllite.Database.Trie\Bryllite.Database.Trie.csproj", "{A0D150DB-75AD-475C-B55A-D29174D65047}"
EndProject
Global
	GlobalSection(SolutionConfigurationPlatforms) = preSolution
		Debug|Any CPU = Debug|Any CPU
		Release|Any CPU = Release|Any CPU
	EndGlobalSection
	GlobalSection(ProjectConfigurationPlatforms) = postSolution
		{27B84A96-27B9-4D20-AE23-A140572C681C}.Debug|Any CPU.ActiveCfg = Debug|Any CPU
		{27B84A96-27B9-4D20-AE23-A140572C681C}.Debug|Any CPU.Build.0 = Debug|Any CPU
		{27B84A96-27B9-4D20-AE23-A140572C681C}.Release|Any CPU.ActiveCfg = Release|Any CPU
		{27B84A96-27B9-4D20-AE23-A140572C681C}.Release|Any CPU.Build.0 = Release|Any CPU
		{FD5A276F-3DEF-4EBF-AFE0-C14A07C78B29}.Debug|Any CPU.ActiveCfg = Debug|Any CPU
		{FD5A276F-3DEF-4EBF-AFE0-C14A07C78B29}.Debug|Any CPU.Build.0 = Debug|Any CPU
		{FD5A276F-3DEF-4EBF-AFE0-C14A07C78B29}.Release|Any CPU.ActiveCfg = Release|Any CPU
		{FD5A276F-3DEF-4EBF-AFE0-C14A07C78B29}.Release|Any CPU.Build.0 = Release|Any CPU
		{CB9522A7-B53D-4498-BA79-43630098969B}.Debug|Any CPU.ActiveCfg = Debug|Any CPU
		{CB9522A7-B53D-4498-BA79-43630098969B}.Debug|Any CPU.Build.0 = Debug|Any CPU
		{CB9522A7-B53D-4498-BA79-43630098969B}.Release|Any CPU.ActiveCfg = Release|Any CPU
		{CB9522A7-B53D-4498-BA79-43630098969B}.Release|Any CPU.Build.0 = Release|Any CPU
		{9F455682-323F-43CD-959F-800542BAE43F}.Debug|Any CPU.ActiveCfg = Debug|Any CPU
		{9F455682-323F-43CD-959F-800542BAE43F}.Debug|Any CPU.Build.0 = Debug|Any CPU
		{9F455682-323F-43CD-959F-800542BAE43F}.Release|Any CPU.ActiveCfg = Release|Any CPU
		{9F455682-323F-43CD-959F-800542BAE43F}.Release|Any CPU.Build.0 = Release|Any CPU
		{568F3FB5-BBA8-4C0E-B0FA-16E0C510B418}.Debug|Any CPU.ActiveCfg = Debug|Any CPU
		{568F3FB5-BBA8-4C0E-B0FA-16E0C510B418}.Debug|Any CPU.Build.0 = Debug|Any CPU
		{568F3FB5-BBA8-4C0E-B0FA-16E0C510B418}.Release|Any CPU.ActiveCfg = Release|Any CPU
		{568F3FB5-BBA8-4C0E-B0FA-16E0C510B418}.Release|Any CPU.Build.0 = Release|Any CPU
		{2CA44AED-69A8-4105-808D-6B5C02E96E0C}.Debug|Any CPU.ActiveCfg = Debug|Any CPU
		{2CA44AED-69A8-4105-808D-6B5C02E96E0C}.Debug|Any CPU.Build.0 = Debug|Any CPU
		{2CA44AED-69A8-4105-808D-6B5C02E96E0C}.Release|Any CPU.ActiveCfg = Release|Any CPU
		{2CA44AED-69A8-4105-808D-6B5C02E96E0C}.Release|Any CPU.Build.0 = Release|Any CPU
		{BA38B15E-FA43-4FE9-913B-F7497E7A108E}.Debug|Any CPU.ActiveCfg = Debug|Any CPU
		{BA38B15E-FA43-4FE9-913B-F7497E7A108E}.Debug|Any CPU.Build.0 = Debug|Any CPU
		{BA38B15E-FA43-4FE9-913B-F7497E7A108E}.Release|Any CPU.ActiveCfg = Release|Any CPU
		{BA38B15E-FA43-4FE9-913B-F7497E7A108E}.Release|Any CPU.Build.0 = Release|Any CPU
		{82DD9CEE-4C4C-4950-81BF-D52E22FCC1C0}.Debug|Any CPU.ActiveCfg = Debug|Any CPU
		{82DD9CEE-4C4C-4950-81BF-D52E22FCC1C0}.Debug|Any CPU.Build.0 = Debug|Any CPU
		{82DD9CEE-4C4C-4950-81BF-D52E22FCC1C0}.Release|Any CPU.ActiveCfg = Release|Any CPU
		{82DD9CEE-4C4C-4950-81BF-D52E22FCC1C0}.Release|Any CPU.Build.0 = Release|Any CPU
		{5E5CB6FC-EEDE-4318-9B3F-54FF7E7D862A}.Debug|Any CPU.ActiveCfg = Debug|Any CPU
		{5E5CB6FC-EEDE-4318-9B3F-54FF7E7D862A}.Debug|Any CPU.Build.0 = Debug|Any CPU
		{5E5CB6FC-EEDE-4318-9B3F-54FF7E7D862A}.Release|Any CPU.ActiveCfg = Release|Any CPU
		{5E5CB6FC-EEDE-4318-9B3F-54FF7E7D862A}.Release|Any CPU.Build.0 = Release|Any CPU
		{E383C1B6-6C6D-4B1C-8F09-37202568BBEC}.Debug|Any CPU.ActiveCfg = Debug|Any CPU
		{E383C1B6-6C6D-4B1C-8F09-37202568BBEC}.Debug|Any CPU.Build.0 = Debug|Any CPU
		{E383C1B6-6C6D-4B1C-8F09-37202568BBEC}.Release|Any CPU.ActiveCfg = Release|Any CPU
		{E383C1B6-6C6D-4B1C-8F09-37202568BBEC}.Release|Any CPU.Build.0 = Release|Any CPU
		{D6E6255D-64AF-4CA3-9CD2-AEF7DED81AEB}.Debug|Any CPU.ActiveCfg = Debug|Any CPU
		{D6E6255D-64AF-4CA3-9CD2-AEF7DED81AEB}.Debug|Any CPU.Build.0 = Debug|Any CPU
		{D6E6255D-64AF-4CA3-9CD2-AEF7DED81AEB}.Release|Any CPU.ActiveCfg = Release|Any CPU
		{D6E6255D-64AF-4CA3-9CD2-AEF7DED81AEB}.Release|Any CPU.Build.0 = Release|Any CPU
		{BB86FE24-D2CA-4F35-B851-C063EC6A441C}.Debug|Any CPU.ActiveCfg = Debug|Any CPU
		{BB86FE24-D2CA-4F35-B851-C063EC6A441C}.Debug|Any CPU.Build.0 = Debug|Any CPU
		{BB86FE24-D2CA-4F35-B851-C063EC6A441C}.Release|Any CPU.ActiveCfg = Release|Any CPU
		{BB86FE24-D2CA-4F35-B851-C063EC6A441C}.Release|Any CPU.Build.0 = Release|Any CPU
		{E9596B17-006E-4944-BE7D-1496E3BB71A8}.Debug|Any CPU.ActiveCfg = Debug|Any CPU
		{E9596B17-006E-4944-BE7D-1496E3BB71A8}.Debug|Any CPU.Build.0 = Debug|Any CPU
		{E9596B17-006E-4944-BE7D-1496E3BB71A8}.Release|Any CPU.ActiveCfg = Release|Any CPU
		{E9596B17-006E-4944-BE7D-1496E3BB71A8}.Release|Any CPU.Build.0 = Release|Any CPU
		{3DA67198-B5C8-4A03-9A14-C0414C9C1404}.Debug|Any CPU.ActiveCfg = Debug|Any CPU
		{3DA67198-B5C8-4A03-9A14-C0414C9C1404}.Debug|Any CPU.Build.0 = Debug|Any CPU
		{3DA67198-B5C8-4A03-9A14-C0414C9C1404}.Release|Any CPU.ActiveCfg = Release|Any CPU
		{3DA67198-B5C8-4A03-9A14-C0414C9C1404}.Release|Any CPU.Build.0 = Release|Any CPU
		{8114FFA6-B325-4365-8F05-5080203207EF}.Debug|Any CPU.ActiveCfg = Debug|Any CPU
		{8114FFA6-B325-4365-8F05-5080203207EF}.Debug|Any CPU.Build.0 = Debug|Any CPU
		{8114FFA6-B325-4365-8F05-5080203207EF}.Release|Any CPU.ActiveCfg = Release|Any CPU
		{8114FFA6-B325-4365-8F05-5080203207EF}.Release|Any CPU.Build.0 = Release|Any CPU
		{00E2E309-4920-4840-AC92-88525BDFD136}.Debug|Any CPU.ActiveCfg = Debug|Any CPU
		{00E2E309-4920-4840-AC92-88525BDFD136}.Debug|Any CPU.Build.0 = Debug|Any CPU
		{00E2E309-4920-4840-AC92-88525BDFD136}.Release|Any CPU.ActiveCfg = Release|Any CPU
		{00E2E309-4920-4840-AC92-88525BDFD136}.Release|Any CPU.Build.0 = Release|Any CPU
		{A0D150DB-75AD-475C-B55A-D29174D65047}.Debug|Any CPU.ActiveCfg = Debug|Any CPU
		{A0D150DB-75AD-475C-B55A-D29174D65047}.Debug|Any CPU.Build.0 = Debug|Any CPU
		{A0D150DB-75AD-475C-B55A-D29174D65047}.Release|Any CPU.ActiveCfg = Release|Any CPU
		{A0D150DB-75AD-475C-B55A-D29174D65047}.Release|Any CPU.Build.0 = Release|Any CPU
	EndGlobalSection
	GlobalSection(SolutionProperties) = preSolution
		HideSolutionNode = FALSE
	EndGlobalSection
	GlobalSection(NestedProjects) = preSolution
		{27B84A96-27B9-4D20-AE23-A140572C681C} = {CD2BDEC5-D25E-4DE4-8C74-0EDDB8CFCD09}
		{FD5A276F-3DEF-4EBF-AFE0-C14A07C78B29} = {BF82C1E4-2892-4DB2-A6CA-C42BB54E7B31}
		{CB9522A7-B53D-4498-BA79-43630098969B} = {BF82C1E4-2892-4DB2-A6CA-C42BB54E7B31}
		{9F455682-323F-43CD-959F-800542BAE43F} = {BF82C1E4-2892-4DB2-A6CA-C42BB54E7B31}
		{568F3FB5-BBA8-4C0E-B0FA-16E0C510B418} = {BF82C1E4-2892-4DB2-A6CA-C42BB54E7B31}
		{2CA44AED-69A8-4105-808D-6B5C02E96E0C} = {3C53056F-AFEF-4773-9E14-6F797E1E05EC}
		{BA38B15E-FA43-4FE9-913B-F7497E7A108E} = {BF82C1E4-2892-4DB2-A6CA-C42BB54E7B31}
		{82DD9CEE-4C4C-4950-81BF-D52E22FCC1C0} = {BF82C1E4-2892-4DB2-A6CA-C42BB54E7B31}
		{5E5CB6FC-EEDE-4318-9B3F-54FF7E7D862A} = {3C53056F-AFEF-4773-9E14-6F797E1E05EC}
		{E383C1B6-6C6D-4B1C-8F09-37202568BBEC} = {BF82C1E4-2892-4DB2-A6CA-C42BB54E7B31}
		{D6E6255D-64AF-4CA3-9CD2-AEF7DED81AEB} = {3C53056F-AFEF-4773-9E14-6F797E1E05EC}
		{BB86FE24-D2CA-4F35-B851-C063EC6A441C} = {AA7BDBB0-C693-48EC-9043-D8F707F0AA23}
		{E9596B17-006E-4944-BE7D-1496E3BB71A8} = {B205CEC7-FA17-4AD8-A372-AB35178CBE5D}
		{3DA67198-B5C8-4A03-9A14-C0414C9C1404} = {B205CEC7-FA17-4AD8-A372-AB35178CBE5D}
		{8114FFA6-B325-4365-8F05-5080203207EF} = {BF82C1E4-2892-4DB2-A6CA-C42BB54E7B31}
		{00E2E309-4920-4840-AC92-88525BDFD136} = {0506AD1A-66C6-4703-B69E-3533C967FF8E}
		{A0D150DB-75AD-475C-B55A-D29174D65047} = {0506AD1A-66C6-4703-B69E-3533C967FF8E}
	EndGlobalSection
	GlobalSection(ExtensibilityGlobals) = postSolution
		SolutionGuid = {E35A4E03-F5E4-4A59-8885-4695173FAE00}
	EndGlobalSection
EndGlobal
